FORGE
  remote: http://forge.puppetlabs.com
  specs:
    puppetlabs/apt (1.1.0)
      puppetlabs/stdlib (>= 2.2.1)
    puppetlabs/firewall (0.2.1)
    puppetlabs/stdlib (4.0.2)
    ripienaar/concat (0.2.0)

GIT
  remote: git://github.com/mhahn/puppet-module-supervisor.git
  ref: master
  sha: 0c103a004dd6405e9fa627bec038488fddc4e773
  specs:
    supervisor (0.0.1)

GIT
  remote: git://github.com/puppetlabs/puppet-postgresql.git
  ref: master
  sha: 5e4045d0c9a0b88934167d28469b75327ebd39a0
  specs:
    postgresql (2.1.1)
      puppetlabs/apt (>= 1.1.0)
      puppetlabs/firewall (>= 0.0.4)
      puppetlabs/stdlib (>= 3.2.0)
      ripienaar/concat (>= 0.2.0)

GIT
  remote: git://github.com/puppetlabs/puppetlabs-rabbitmq.git
  ref: master
  sha: 44bb086c96bf2e100f8ad149877bc6f2bce53a10
  specs:
    rabbitmq (2.1.0)
      puppetlabs/apt (>= 0.0.3)
      puppetlabs/stdlib (>= 2.0.0)

DEPENDENCIES
  postgresql (>= 0)
  rabbitmq (>= 0)
  supervisor (>= 0)

